
Microsoft Visual Studio Solution File, Format Version 12.00
# Visual Studio Version 17
VisualStudioVersion = 17.2.32616.157
MinimumVisualStudioVersion = 10.0.40219.1
Project("{FAE04EC0-301F-11D3-BF4B-00C04F79EFBC}") = "Repository", "Repository\Repository.csproj", "{887E9616-6EB9-407C-AA68-FA8CB437ACD0}"
EndProject
Project("{FAE04EC0-301F-11D3-BF4B-00C04F79EFBC}") = "UI", "UI\UI.csproj", "{2F538CAD-071E-4051-93C3-4C1F4F628F40}"
EndProject
Project("{FAE04EC0-301F-11D3-BF4B-00C04F79EFBC}") = "DAL", "DAL\DAL.csproj", "{CEB3A3A4-2254-402E-BD24-E499C7790A9F}"
EndProject
Project("{FAE04EC0-301F-11D3-BF4B-00C04F79EFBC}") = "Service", "Service\Service.csproj", "{7831D5DB-64EB-4198-B981-4535FF94333E}"
EndProject
Global
	GlobalSection(SolutionConfigurationPlatforms) = preSolution
		Debug|Any CPU = Debug|Any CPU
		Release|Any CPU = Release|Any CPU
	EndGlobalSection
	GlobalSection(ProjectConfigurationPlatforms) = postSolution
		{887E9616-6EB9-407C-AA68-FA8CB437ACD0}.Debug|Any CPU.ActiveCfg = Debug|Any CPU
		{887E9616-6EB9-407C-AA68-FA8CB437ACD0}.Debug|Any CPU.Build.0 = Debug|Any CPU
		{887E9616-6EB9-407C-AA68-FA8CB437ACD0}.Release|Any CPU.ActiveCfg = Release|Any CPU
		{887E9616-6EB9-407C-AA68-FA8CB437ACD0}.Release|Any CPU.Build.0 = Release|Any CPU
		{2F538CAD-071E-4051-93C3-4C1F4F628F40}.Debug|Any CPU.ActiveCfg = Debug|Any CPU
		{2F538CAD-071E-4051-93C3-4C1F4F628F40}.Debug|Any CPU.Build.0 = Debug|Any CPU
		{2F538CAD-071E-4051-93C3-4C1F4F628F40}.Release|Any CPU.ActiveCfg = Release|Any CPU
		{2F538CAD-071E-4051-93C3-4C1F4F628F40}.Release|Any CPU.Build.0 = Release|Any CPU
		{CEB3A3A4-2254-402E-BD24-E499C7790A9F}.Debug|Any CPU.ActiveCfg = Debug|Any CPU
		{CEB3A3A4-2254-402E-BD24-E499C7790A9F}.Debug|Any CPU.Build.0 = Debug|Any CPU
		{CEB3A3A4-2254-402E-BD24-E499C7790A9F}.Release|Any CPU.ActiveCfg = Release|Any CPU
		{CEB3A3A4-2254-402E-BD24-E499C7790A9F}.Release|Any CPU.Build.0 = Release|Any CPU
		{7831D5DB-64EB-4198-B981-4535FF94333E}.Debug|Any CPU.ActiveCfg = Debug|Any CPU
		{7831D5DB-64EB-4198-B981-4535FF94333E}.Debug|Any CPU.Build.0 = Debug|Any CPU
		{7831D5DB-64EB-4198-B981-4535FF94333E}.Release|Any CPU.ActiveCfg = Release|Any CPU
		{7831D5DB-64EB-4198-B981-4535FF94333E}.Release|Any CPU.Build.0 = Release|Any CPU
	EndGlobalSection
	GlobalSection(SolutionProperties) = preSolution
		HideSolutionNode = FALSE
	EndGlobalSection
	GlobalSection(ExtensibilityGlobals) = postSolution
		SolutionGuid = {7EF6CA5B-7A6C-4E82-859E-FD303B835EED}
	EndGlobalSection
EndGlobal
